
Microsoft Visual Studio Solution File, Format Version 12.00
# Visual Studio Version 16
VisualStudioVersion = 16.0.29411.108
MinimumVisualStudioVersion = 10.0.40219.1
Project("{8BC9CEB8-8B4A-11D0-8D11-00A0C91BC942}") = "Statistics", "Statistics\Statistics.vcxproj", "{19287855-B097-4CBF-96E9-8AAC965EFEDB}"
EndProject
Global
	GlobalSection(SolutionConfigurationPlatforms) = preSolution
		Debug|x64 = Debug|x64
		Debug|x86 = Debug|x86
		Release|x64 = Release|x64
		Release|x86 = Release|x86
	EndGlobalSection
	GlobalSection(ProjectConfigurationPlatforms) = postSolution
		{19287855-B097-4CBF-96E9-8AAC965EFEDB}.Debug|x64.ActiveCfg = Debug|x64
		{19287855-B097-4CBF-96E9-8AAC965EFEDB}.Debug|x64.Build.0 = Debug|x64
		{19287855-B097-4CBF-96E9-8AAC965EFEDB}.Debug|x86.ActiveCfg = Debug|Win32
		{19287855-B097-4CBF-96E9-8AAC965EFEDB}.Debug|x86.Build.0 = Debug|Win32
		{19287855-B097-4CBF-96E9-8AAC965EFEDB}.Release|x64.ActiveCfg = Release|x64
		{19287855-B097-4CBF-96E9-8AAC965EFEDB}.Release|x64.Build.0 = Release|x64
		{19287855-B097-4CBF-96E9-8AAC965EFEDB}.Release|x86.ActiveCfg = Release|Win32
		{19287855-B097-4CBF-96E9-8AAC965EFEDB}.Release|x86.Build.0 = Release|Win32
	EndGlobalSection
	GlobalSection(SolutionProperties) = preSolution
		HideSolutionNode = FALSE
	EndGlobalSection
	GlobalSection(ExtensibilityGlobals) = postSolution
		SolutionGuid = {81A9B07D-D06A-47B0-A137-4B14D4C7E49B}
	EndGlobalSection
EndGlobal
